PATH
  remote: ../..
  specs:
    navesti (0.1.0)

GEM
  remote: https://rubygems.org/
  specs:
    nio4r (2.7.5)
    puma (6.6.1)
      nio4r (~> 2.0)
    rack (3.2.6)
    rackup (2.3.1)
      rack (>= 3)
    roda (3.105.0)
      rack

PLATFORMS
  arm64-darwin-24
  ruby

DEPENDENCIES
  navesti!
  puma (~> 6.0)
  rackup (~> 2.0)
  roda (~> 3.0)

BUNDLED WITH
   2.6.9
